
Microsoft Visual Studio Solution File, Format Version 12.00
# Visual Studio Version 17
VisualStudioVersion = 17.5.33627.172
MinimumVisualStudioVersion = 10.0.40219.1
Project("{8BC9CEB8-8B4A-11D0-8D11-00A0C91BC942}") = "Function", "Function\Function.vcxproj", "{91801137-98EB-4DF7-9C0A-025A6A1E46A3}"
EndProject
Global
	GlobalSection(SolutionConfigurationPlatforms) = preSolution
		Debug|x64 = Debug|x64
		Debug|x86 = Debug|x86
		Release|x64 = Release|x64
		Release|x86 = Release|x86
	EndGlobalSection
	GlobalSection(ProjectConfigurationPlatforms) = postSolution
		{91801137-98EB-4DF7-9C0A-025A6A1E46A3}.Debug|x64.ActiveCfg = Debug|x64
		{91801137-98EB-4DF7-9C0A-025A6A1E46A3}.Debug|x64.Build.0 = Debug|x64
		{91801137-98EB-4DF7-9C0A-025A6A1E46A3}.Debug|x86.ActiveCfg = Debug|Win32
		{91801137-98EB-4DF7-9C0A-025A6A1E46A3}.Debug|x86.Build.0 = Debug|Win32
		{91801137-98EB-4DF7-9C0A-025A6A1E46A3}.Release|x64.ActiveCfg = Release|x64
		{91801137-98EB-4DF7-9C0A-025A6A1E46A3}.Release|x64.Build.0 = Release|x64
		{91801137-98EB-4DF7-9C0A-025A6A1E46A3}.Release|x86.ActiveCfg = Release|Win32
		{91801137-98EB-4DF7-9C0A-025A6A1E46A3}.Release|x86.Build.0 = Release|Win32
	EndGlobalSection
	GlobalSection(SolutionProperties) = preSolution
		HideSolutionNode = FALSE
	EndGlobalSection
	GlobalSection(ExtensibilityGlobals) = postSolution
		SolutionGuid = {B0D3AF45-773C-41F5-BCE6-40BAE58D10DB}
	EndGlobalSection
EndGlobal
